
Microsoft Visual Studio Solution File, Format Version 12.00
# Visual Studio 2013
VisualStudioVersion = 12.0.20827.3
MinimumVisualStudioVersion = 10.0.40219.1
Project("{FAE04EC0-301F-11D3-BF4B-00C04F79EFBC}") = "NotLimited.Framework.Data", "NotLimited.Framework.Data\NotLimited.Framework.Data.csproj", "{47373497-932F-4EAA-B91A-4970BFFBDE71}"
EndProject
Project("{FAE04EC0-301F-11D3-BF4B-00C04F79EFBC}") = "NotLimited.Framework.Server", "NotLimited.Framework.Server\NotLimited.Framework.Server.csproj", "{615003D2-ADFF-473C-BF06-6FB13AD84053}"
EndProject
Project("{FAE04EC0-301F-11D3-BF4B-00C04F79EFBC}") = "NotLimited.Framework.Common", "NotLimited.Framework.Common\NotLimited.Framework.Common.csproj", "{2F69BB6F-3C15-4B88-AC7A-9A9968CDD00D}"
EndProject
Project("{FAE04EC0-301F-11D3-BF4B-00C04F79EFBC}") = "NotLimited.Framework.Web", "NotLimited.Framework.Web\NotLimited.Framework.Web.csproj", "{21BC608D-1A75-4A70-91B4-91B1D66C51C2}"
EndProject
Project("{FAE04EC0-301F-11D3-BF4B-00C04F79EFBC}") = "NotLimited.Framework.Raven", "NotLimited.Framework.Raven\NotLimited.Framework.Raven.csproj", "{4C0355BF-853D-48C5-9C7D-EE24664435F5}"
EndProject
Project("{2150E333-8FDC-42A3-9474-1A3956D46DE8}") = ".nuget", ".nuget", "{763E517A-68B5-42E2-99B9-2045907ABA5D}"
	ProjectSection(SolutionItems) = preProject
		.nuget\NuGet.Config = .nuget\NuGet.Config
		.nuget\NuGet.exe = .nuget\NuGet.exe
		.nuget\NuGet.targets = .nuget\NuGet.targets
	EndProjectSection
EndProject
Project("{FAE04EC0-301F-11D3-BF4B-00C04F79EFBC}") = "NotLimited.Framework.Wpf", "NotLimited.Framework.Wpf\NotLimited.Framework.Wpf.csproj", "{FB2D095E-4416-4772-A884-341CA6B4FAD5}"
EndProject
Global
	GlobalSection(SolutionConfigurationPlatforms) = preSolution
		Debug 4.0|Any CPU = Debug 4.0|Any CPU
		Debug 4.5.1|Any CPU = Debug 4.5.1|Any CPU
		Debug 4.5|Any CPU = Debug 4.5|Any CPU
		Release 4.0|Any CPU = Release 4.0|Any CPU
		Release 4.5.1|Any CPU = Release 4.5.1|Any CPU
		Release 4.5|Any CPU = Release 4.5|Any CPU
	EndGlobalSection
	GlobalSection(ProjectConfigurationPlatforms) = postSolution
		{47373497-932F-4EAA-B91A-4970BFFBDE71}.Debug 4.0|Any CPU.ActiveCfg = Debug 4.0|Any CPU
		{47373497-932F-4EAA-B91A-4970BFFBDE71}.Debug 4.0|Any CPU.Build.0 = Debug 4.0|Any CPU
		{47373497-932F-4EAA-B91A-4970BFFBDE71}.Debug 4.5.1|Any CPU.ActiveCfg = Debug 4.5.1|Any CPU
		{47373497-932F-4EAA-B91A-4970BFFBDE71}.Debug 4.5.1|Any CPU.Build.0 = Debug 4.5.1|Any CPU
		{47373497-932F-4EAA-B91A-4970BFFBDE71}.Debug 4.5|Any CPU.ActiveCfg = Debug 4.5|Any CPU
		{47373497-932F-4EAA-B91A-4970BFFBDE71}.Debug 4.5|Any CPU.Build.0 = Debug 4.5|Any CPU
		{47373497-932F-4EAA-B91A-4970BFFBDE71}.Release 4.0|Any CPU.ActiveCfg = Release 4.0|Any CPU
		{47373497-932F-4EAA-B91A-4970BFFBDE71}.Release 4.0|Any CPU.Build.0 = Release 4.0|Any CPU
		{47373497-932F-4EAA-B91A-4970BFFBDE71}.Release 4.5.1|Any CPU.ActiveCfg = Release 4.5.1|Any CPU
		{47373497-932F-4EAA-B91A-4970BFFBDE71}.Release 4.5.1|Any CPU.Build.0 = Release 4.5.1|Any CPU
		{47373497-932F-4EAA-B91A-4970BFFBDE71}.Release 4.5|Any CPU.ActiveCfg = Release 4.5|Any CPU
		{47373497-932F-4EAA-B91A-4970BFFBDE71}.Release 4.5|Any CPU.Build.0 = Release 4.5|Any CPU
		{615003D2-ADFF-473C-BF06-6FB13AD84053}.Debug 4.0|Any CPU.ActiveCfg = Debug 4.0|Any CPU
		{615003D2-ADFF-473C-BF06-6FB13AD84053}.Debug 4.0|Any CPU.Build.0 = Debug 4.0|Any CPU
		{615003D2-ADFF-473C-BF06-6FB13AD84053}.Debug 4.5.1|Any CPU.ActiveCfg = Debug 4.5.1|Any CPU
		{615003D2-ADFF-473C-BF06-6FB13AD84053}.Debug 4.5.1|Any CPU.Build.0 = Debug 4.5.1|Any CPU
		{615003D2-ADFF-473C-BF06-6FB13AD84053}.Debug 4.5|Any CPU.ActiveCfg = Debug 4.5|Any CPU
		{615003D2-ADFF-473C-BF06-6FB13AD84053}.Debug 4.5|Any CPU.Build.0 = Debug 4.5|Any CPU
		{615003D2-ADFF-473C-BF06-6FB13AD84053}.Release 4.0|Any CPU.ActiveCfg = Release 4.0|Any CPU
		{615003D2-ADFF-473C-BF06-6FB13AD84053}.Release 4.0|Any CPU.Build.0 = Release 4.0|Any CPU
		{615003D2-ADFF-473C-BF06-6FB13AD84053}.Release 4.5.1|Any CPU.ActiveCfg = Release 4.5.1|Any CPU
		{615003D2-ADFF-473C-BF06-6FB13AD84053}.Release 4.5.1|Any CPU.Build.0 = Release 4.5.1|Any CPU
		{615003D2-ADFF-473C-BF06-6FB13AD84053}.Release 4.5|Any CPU.ActiveCfg = Release 4.5|Any CPU
		{615003D2-ADFF-473C-BF06-6FB13AD84053}.Release 4.5|Any CPU.Build.0 = Release 4.5|Any CPU
		{2F69BB6F-3C15-4B88-AC7A-9A9968CDD00D}.Debug 4.0|Any CPU.ActiveCfg = Debug 4.0|Any CPU
		{2F69BB6F-3C15-4B88-AC7A-9A9968CDD00D}.Debug 4.0|Any CPU.Build.0 = Debug 4.0|Any CPU
		{2F69BB6F-3C15-4B88-AC7A-9A9968CDD00D}.Debug 4.5.1|Any CPU.ActiveCfg = Debug 4.5.1|Any CPU
		{2F69BB6F-3C15-4B88-AC7A-9A9968CDD00D}.Debug 4.5.1|Any CPU.Build.0 = Debug 4.5.1|Any CPU
		{2F69BB6F-3C15-4B88-AC7A-9A9968CDD00D}.Debug 4.5|Any CPU.ActiveCfg = Debug 4.5|Any CPU
		{2F69BB6F-3C15-4B88-AC7A-9A9968CDD00D}.Debug 4.5|Any CPU.Build.0 = Debug 4.5|Any CPU
		{2F69BB6F-3C15-4B88-AC7A-9A9968CDD00D}.Release 4.0|Any CPU.ActiveCfg = Release 4.0|Any CPU
		{2F69BB6F-3C15-4B88-AC7A-9A9968CDD00D}.Release 4.0|Any CPU.Build.0 = Release 4.0|Any CPU
		{2F69BB6F-3C15-4B88-AC7A-9A9968CDD00D}.Release 4.5.1|Any CPU.ActiveCfg = Release 4.5.1|Any CPU
		{2F69BB6F-3C15-4B88-AC7A-9A9968CDD00D}.Release 4.5.1|Any CPU.Build.0 = Release 4.5.1|Any CPU
		{2F69BB6F-3C15-4B88-AC7A-9A9968CDD00D}.Release 4.5|Any CPU.ActiveCfg = Release 4.5|Any CPU
		{2F69BB6F-3C15-4B88-AC7A-9A9968CDD00D}.Release 4.5|Any CPU.Build.0 = Release 4.5|Any CPU
		{21BC608D-1A75-4A70-91B4-91B1D66C51C2}.Debug 4.0|Any CPU.ActiveCfg = Debug 4.5.1|Any CPU
		{21BC608D-1A75-4A70-91B4-91B1D66C51C2}.Debug 4.0|Any CPU.Build.0 = Debug 4.5.1|Any CPU
		{21BC608D-1A75-4A70-91B4-91B1D66C51C2}.Debug 4.5.1|Any CPU.ActiveCfg = Debug 4.5.1|Any CPU
		{21BC608D-1A75-4A70-91B4-91B1D66C51C2}.Debug 4.5.1|Any CPU.Build.0 = Debug 4.5.1|Any CPU
		{21BC608D-1A75-4A70-91B4-91B1D66C51C2}.Debug 4.5|Any CPU.ActiveCfg = Debug 4.5.1|Any CPU
		{21BC608D-1A75-4A70-91B4-91B1D66C51C2}.Debug 4.5|Any CPU.Build.0 = Debug 4.5.1|Any CPU
		{21BC608D-1A75-4A70-91B4-91B1D66C51C2}.Release 4.0|Any CPU.ActiveCfg = Release 4.5.1|Any CPU
		{21BC608D-1A75-4A70-91B4-91B1D66C51C2}.Release 4.0|Any CPU.Build.0 = Release 4.5.1|Any CPU
		{21BC608D-1A75-4A70-91B4-91B1D66C51C2}.Release 4.5.1|Any CPU.ActiveCfg = Release 4.5.1|Any CPU
		{21BC608D-1A75-4A70-91B4-91B1D66C51C2}.Release 4.5.1|Any CPU.Build.0 = Release 4.5.1|Any CPU
		{21BC608D-1A75-4A70-91B4-91B1D66C51C2}.Release 4.5|Any CPU.ActiveCfg = Release 4.5.1|Any CPU
		{21BC608D-1A75-4A70-91B4-91B1D66C51C2}.Release 4.5|Any CPU.Build.0 = Release 4.5.1|Any CPU
		{4C0355BF-853D-48C5-9C7D-EE24664435F5}.Debug 4.0|Any CPU.ActiveCfg = Debug 4.0|Any CPU
		{4C0355BF-853D-48C5-9C7D-EE24664435F5}.Debug 4.0|Any CPU.Build.0 = Debug 4.0|Any CPU
		{4C0355BF-853D-48C5-9C7D-EE24664435F5}.Debug 4.5.1|Any CPU.ActiveCfg = Debug 4.5.1|Any CPU
		{4C0355BF-853D-48C5-9C7D-EE24664435F5}.Debug 4.5.1|Any CPU.Build.0 = Debug 4.5.1|Any CPU
		{4C0355BF-853D-48C5-9C7D-EE24664435F5}.Debug 4.5|Any CPU.ActiveCfg = Debug 4.5|Any CPU
		{4C0355BF-853D-48C5-9C7D-EE24664435F5}.Debug 4.5|Any CPU.Build.0 = Debug 4.5|Any CPU
		{4C0355BF-853D-48C5-9C7D-EE24664435F5}.Release 4.0|Any CPU.ActiveCfg = Release 4.0|Any CPU
		{4C0355BF-853D-48C5-9C7D-EE24664435F5}.Release 4.0|Any CPU.Build.0 = Release 4.0|Any CPU
		{4C0355BF-853D-48C5-9C7D-EE24664435F5}.Release 4.5.1|Any CPU.ActiveCfg = Release 4.5.1|Any CPU
		{4C0355BF-853D-48C5-9C7D-EE24664435F5}.Release 4.5.1|Any CPU.Build.0 = Release 4.5.1|Any CPU
		{4C0355BF-853D-48C5-9C7D-EE24664435F5}.Release 4.5|Any CPU.ActiveCfg = Release 4.5|Any CPU
		{4C0355BF-853D-48C5-9C7D-EE24664435F5}.Release 4.5|Any CPU.Build.0 = Release 4.5|Any CPU
		{FB2D095E-4416-4772-A884-341CA6B4FAD5}.Debug 4.0|Any CPU.ActiveCfg = Debug 4.0|Any CPU
		{FB2D095E-4416-4772-A884-341CA6B4FAD5}.Debug 4.0|Any CPU.Build.0 = Debug 4.0|Any CPU
		{FB2D095E-4416-4772-A884-341CA6B4FAD5}.Debug 4.5.1|Any CPU.ActiveCfg = Debug 4.5.1|Any CPU
		{FB2D095E-4416-4772-A884-341CA6B4FAD5}.Debug 4.5.1|Any CPU.Build.0 = Debug 4.5.1|Any CPU
		{FB2D095E-4416-4772-A884-341CA6B4FAD5}.Debug 4.5|Any CPU.ActiveCfg = Debug 4.5|Any CPU
		{FB2D095E-4416-4772-A884-341CA6B4FAD5}.Debug 4.5|Any CPU.Build.0 = Debug 4.5|Any CPU
		{FB2D095E-4416-4772-A884-341CA6B4FAD5}.Release 4.0|Any CPU.ActiveCfg = Release 4.0|Any CPU
		{FB2D095E-4416-4772-A884-341CA6B4FAD5}.Release 4.0|Any CPU.Build.0 = Release 4.0|Any CPU
		{FB2D095E-4416-4772-A884-341CA6B4FAD5}.Release 4.5.1|Any CPU.ActiveCfg = Release 4.5.1|Any CPU
		{FB2D095E-4416-4772-A884-341CA6B4FAD5}.Release 4.5.1|Any CPU.Build.0 = Release 4.5.1|Any CPU
		{FB2D095E-4416-4772-A884-341CA6B4FAD5}.Release 4.5|Any CPU.ActiveCfg = Release 4.5|Any CPU
		{FB2D095E-4416-4772-A884-341CA6B4FAD5}.Release 4.5|Any CPU.Build.0 = Release 4.5|Any CPU
	EndGlobalSection
	GlobalSection(SolutionProperties) = preSolution
		HideSolutionNode = FALSE
	EndGlobalSection
EndGlobal
